// !$*UTF8*$!
{
	archiveVersion = 1;
	classes = {
	};
	objectVersion = 55;
	objects = {

/* Begin PBXBuildFile section */
		841D995927A43138003216FF /* Imgur.swift in Sources */ = {isa = PBXBuildFile; fileRef = 841D995827A43138003216FF /* Imgur.swift */; };
		841D995C27A4316D003216FF /* NetworkService.swift in Sources */ = {isa = PBXBuildFile; fileRef = 841D995B27A4316C003216FF /* NetworkService.swift */; };
		841D995E27A431B1003216FF /* GetImgursResponse.swift in Sources */ = {isa = PBXBuildFile; fileRef = 841D995D27A431B1003216FF /* GetImgursResponse.swift */; };
		841D996127A431EC003216FF /* Failure.swift in Sources */ = {isa = PBXBuildFile; fileRef = 841D996027A431EC003216FF /* Failure.swift */; };
		841D996327A432D9003216FF /* Key.swift in Sources */ = {isa = PBXBuildFile; fileRef = 841D996227A432D9003216FF /* Key.swift */; };
		847745AD27A3261B0093EB7D /* AppDelegate.swift in Sources */ = {isa = PBXBuildFile; fileRef = 847745AC27A3261B0093EB7D /* AppDelegate.swift */; };
		847745AF27A3261B0093EB7D /* SceneDelegate.swift in Sources */ = {isa = PBXBuildFile; fileRef = 847745AE27A3261B0093EB7D /* SceneDelegate.swift */; };
		847745B127A3261B0093EB7D /* ViewController.swift in Sources */ = {isa = PBXBuildFile; fileRef = 847745B027A3261B0093EB7D /* ViewController.swift */; };
		847745B427A3261B0093EB7D /* Main.storyboard in Resources */ = {isa = PBXBuildFile; fileRef = 847745B227A3261B0093EB7D /* Main.storyboard */; };
		847745B627A3261E0093EB7D /* Assets.xcassets in Resources */ = {isa = PBXBuildFile; fileRef = 847745B527A3261E0093EB7D /* Assets.xcassets */; };
		847745B927A3261E0093EB7D /* LaunchScreen.storyboard in Resources */ = {isa = PBXBuildFile; fileRef = 847745B727A3261E0093EB7D /* LaunchScreen.storyboard */; };
		847745C427A3261E0093EB7D /* BuscarFotosTests.swift in Sources */ = {isa = PBXBuildFile; fileRef = 847745C327A3261E0093EB7D /* BuscarFotosTests.swift */; };
		847745CE27A3261E0093EB7D /* BuscarFotosUITests.swift in Sources */ = {isa = PBXBuildFile; fileRef = 847745CD27A3261E0093EB7D /* BuscarFotosUITests.swift */; };
		847745D027A3261E0093EB7D /* BuscarFotosUITestsLaunchTests.swift in Sources */ = {isa = PBXBuildFile; fileRef = 847745CF27A3261E0093EB7D /* BuscarFotosUITestsLaunchTests.swift */; };
		847745E127A35ABC0093EB7D /* ImageCollectionViewCell.swift in Sources */ = {isa = PBXBuildFile; fileRef = 847745E027A35ABC0093EB7D /* ImageCollectionViewCell.swift */; };
		84A3686227A46BB0008F1F88 /* ImageCache.swift in Sources */ = {isa = PBXBuildFile; fileRef = 84A3686127A46BB0008F1F88 /* ImageCache.swift */; };
/* End PBXBuildFile section */

/* Begin PBXContainerItemProxy section */
		847745C027A3261E0093EB7D /* PBXContainerItemProxy */ = {
			isa = PBXContainerItemProxy;
			containerPortal = 847745A127A3261B0093EB7D /* Project object */;
			proxyType = 1;
			remoteGlobalIDString = 847745A827A3261B0093EB7D;
			remoteInfo = BuscarFotos;
		};
		847745CA27A3261E0093EB7D /* PBXContainerItemProxy */ = {
			isa = PBXContainerItemProxy;
			containerPortal = 847745A127A3261B0093EB7D /* Project object */;
			proxyType = 1;
			remoteGlobalIDString = 847745A827A3261B0093EB7D;
			remoteInfo = BuscarFotos;
		};
/* End PBXContainerItemProxy section */

/* Begin PBXFileReference section */
		841D995827A43138003216FF /* Imgur.swift */ = {isa = PBXFileReference; lastKnownFileType = sourcecode.swift; path = Imgur.swift; sourceTree = "<group>"; };
		841D995B27A4316C003216FF /* NetworkService.swift */ = {isa = PBXFileReference; lastKnownFileType = sourcecode.swift; path = NetworkService.swift; sourceTree = "<group>"; };
		841D995D27A431B1003216FF /* GetImgursResponse.swift */ = {isa = PBXFileReference; lastKnownFileType = sourcecode.swift; path = GetImgursResponse.swift; sourceTree = "<group>"; };
		841D996027A431EC003216FF /* Failure.swift */ = {isa = PBXFileReference; lastKnownFileType = sourcecode.swift; path = Failure.swift; sourceTree = "<group>"; };
		841D996227A432D9003216FF /* Key.swift */ = {isa = PBXFileReference; lastKnownFileType = sourcecode.swift; path = Key.swift; sourceTree = "<group>"; };
		847745A927A3261B0093EB7D /* BuscarFotos.app */ = {isa = PBXFileReference; explicitFileType = wrapper.application; includeInIndex = 0; path = BuscarFotos.app; sourceTree = BUILT_PRODUCTS_DIR; };
		847745AC27A3261B0093EB7D /* AppDelegate.swift */ = {isa = PBXFileReference; lastKnownFileType = sourcecode.swift; path = AppDelegate.swift; sourceTree = "<group>"; };
		847745AE27A3261B0093EB7D /* SceneDelegate.swift */ = {isa = PBXFileReference; lastKnownFileType = sourcecode.swift; path = SceneDelegate.swift; sourceTree = "<group>"; };
		847745B027A3261B0093EB7D /* ViewController.swift */ = {isa = PBXFileReference; lastKnownFileType = sourcecode.swift; path = ViewController.swift; sourceTree = "<group>"; };
		847745B327A3261B0093EB7D /* Base */ = {isa = PBXFileReference; lastKnownFileType = file.storyboard; name = Base; path = Base.lproj/Main.storyboard; sourceTree = "<group>"; };
		847745B527A3261E0093EB7D /* Assets.xcassets */ = {isa = PBXFileReference; lastKnownFileType = folder.assetcatalog; path = Assets.xcassets; sourceTree = "<group>"; };
		847745B827A3261E0093EB7D /* Base */ = {isa = PBXFileReference; lastKnownFileType = file.storyboard; name = Base; path = Base.lproj/LaunchScreen.storyboard; sourceTree = "<group>"; };
		847745BA27A3261E0093EB7D /* Info.plist */ = {isa = PBXFileReference; lastKnownFileType = text.plist.xml; path = Info.plist; sourceTree = "<group>"; };
		847745BF27A3261E0093EB7D /* BuscarFotosTests.xctest */ = {isa = PBXFileReference; explicitFileType = wrapper.cfbundle; includeInIndex = 0; path = BuscarFotosTests.xctest; sourceTree = BUILT_PRODUCTS_DIR; };
		847745C327A3261E0093EB7D /* BuscarFotosTests.swift */ = {isa = PBXFileReference; lastKnownFileType = sourcecode.swift; path = BuscarFotosTests.swift; sourceTree = "<group>"; };
		847745C927A3261E0093EB7D /* BuscarFotosUITests.xctest */ = {isa = PBXFileReference; explicitFileType = wrapper.cfbundle; includeInIndex = 0; path = BuscarFotosUITests.xctest; sourceTree = BUILT_PRODUCTS_DIR; };
		847745CD27A3261E0093EB7D /* BuscarFotosUITests.swift */ = {isa = PBXFileReference; lastKnownFileType = sourcecode.swift; path = BuscarFotosUITests.swift; sourceTree = "<group>"; };
		847745CF27A3261E0093EB7D /* BuscarFotosUITestsLaunchTests.swift */ = {isa = PBXFileReference; lastKnownFileType = sourcecode.swift; path = BuscarFotosUITestsLaunchTests.swift; sourceTree = "<group>"; };
		847745E027A35ABC0093EB7D /* ImageCollectionViewCell.swift */ = {isa = PBXFileReference; lastKnownFileType = sourcecode.swift; path = ImageCollectionViewCell.swift; sourceTree = "<group>"; };
		84A3686127A46BB0008F1F88 /* ImageCache.swift */ = {isa = PBXFileReference; lastKnownFileType = sourcecode.swift; path = ImageCache.swift; sourceTree = "<group>"; };
/* End PBXFileReference section */

/* Begin PBXFrameworksBuildPhase section */
		847745A627A3261B0093EB7D /* Frameworks */ = {
			isa = PBXFrameworksBuildPhase;
			buildActionMask = 2147483647;
			files = (
			);
			runOnlyForDeploymentPostprocessing = 0;
		};
		847745BC27A3261E0093EB7D /* Frameworks */ = {
			isa = PBXFrameworksBuildPhase;
			buildActionMask = 2147483647;
			files = (
			);
			runOnlyForDeploymentPostprocessing = 0;
		};
		847745C627A3261E0093EB7D /* Frameworks */ = {
			isa = PBXFrameworksBuildPhase;
			buildActionMask = 2147483647;
			files = (
			);
			runOnlyForDeploymentPostprocessing = 0;
		};
/* End PBXFrameworksBuildPhase section */

/* Begin PBXGroup section */
		841D995727A43117003216FF /* Model */ = {
			isa = PBXGroup;
			children = (
				841D995827A43138003216FF /* Imgur.swift */,
			);
			path = Model;
			sourceTree = "<group>";
		};
		841D995A27A43155003216FF /* External */ = {
			isa = PBXGroup;
			children = (
				841D995B27A4316C003216FF /* NetworkService.swift */,
				841D995D27A431B1003216FF /* GetImgursResponse.swift */,
			);
			path = External;
			sourceTree = "<group>";
		};
		841D996427A434A2003216FF /* Controller */ = {
			isa = PBXGroup;
			children = (
				847745B027A3261B0093EB7D /* ViewController.swift */,
			);
			path = Controller;
			sourceTree = "<group>";
		};
		841D996527A43635003216FF /* Utility */ = {
			isa = PBXGroup;
			children = (
				84A3686127A46BB0008F1F88 /* ImageCache.swift */,
				841D996027A431EC003216FF /* Failure.swift */,
				841D996227A432D9003216FF /* Key.swift */,
				847745AC27A3261B0093EB7D /* AppDelegate.swift */,
				847745AE27A3261B0093EB7D /* SceneDelegate.swift */,
			);
			path = Utility;
			sourceTree = "<group>";
		};
		847745A027A3261B0093EB7D = {
			isa = PBXGroup;
			children = (
				847745AB27A3261B0093EB7D /* BuscarFotos */,
				847745C227A3261E0093EB7D /* BuscarFotosTests */,
				847745CC27A3261E0093EB7D /* BuscarFotosUITests */,
				847745AA27A3261B0093EB7D /* Products */,
			);
			sourceTree = "<group>";
		};
		847745AA27A3261B0093EB7D /* Products */ = {
			isa = PBXGroup;
			children = (
				847745A927A3261B0093EB7D /* BuscarFotos.app */,
				847745BF27A3261E0093EB7D /* BuscarFotosTests.xctest */,
				847745C927A3261E0093EB7D /* BuscarFotosUITests.xctest */,
			);
			name = Products;
			sourceTree = "<group>";
		};
		847745AB27A3261B0093EB7D /* BuscarFotos */ = {
			isa = PBXGroup;
			children = (
				84A3686427A47658008F1F88 /* View */,
				841D996527A43635003216FF /* Utility */,
				841D996427A434A2003216FF /* Controller */,
				841D995A27A43155003216FF /* External */,
				841D995727A43117003216FF /* Model */,
				847745B227A3261B0093EB7D /* Main.storyboard */,
				847745B527A3261E0093EB7D /* Assets.xcassets */,
				847745B727A3261E0093EB7D /* LaunchScreen.storyboard */,
				847745BA27A3261E0093EB7D /* Info.plist */,
			);
			path = BuscarFotos;
			sourceTree = "<group>";
		};
		847745C227A3261E0093EB7D /* BuscarFotosTests */ = {
			isa = PBXGroup;
			children = (
				847745C327A3261E0093EB7D /* BuscarFotosTests.swift */,
			);
			path = BuscarFotosTests;
			sourceTree = "<group>";
		};
		847745CC27A3261E0093EB7D /* BuscarFotosUITests */ = {
			isa = PBXGroup;
			children = (
				847745CD27A3261E0093EB7D /* BuscarFotosUITests.swift */,
				847745CF27A3261E0093EB7D /* BuscarFotosUITestsLaunchTests.swift */,
			);
			path = BuscarFotosUITests;
			sourceTree = "<group>";
		};
		84A3686427A47658008F1F88 /* View */ = {
			isa = PBXGroup;
			children = (
				847745E027A35ABC0093EB7D /* ImageCollectionViewCell.swift */,
			);
			path = View;
			sourceTree = "<group>";
		};
/* End PBXGroup section */

/* Begin PBXNativeTarget section */
		847745A827A3261B0093EB7D /* BuscarFotos */ = {
			isa = PBXNativeTarget;
			buildConfigurationList = 847745D327A3261E0093EB7D /* Build configuration list for PBXNativeTarget "BuscarFotos" */;
			buildPhases = (
				847745A527A3261B0093EB7D /* Sources */,
				847745A627A3261B0093EB7D /* Frameworks */,
				847745A727A3261B0093EB7D /* Resources */,
			);
			buildRules = (
			);
			dependencies = (
			);
			name = BuscarFotos;
			productName = BuscarFotos;
			productReference = 847745A927A3261B0093EB7D /* BuscarFotos.app */;
			productType = "com.apple.product-type.application";
		};
		847745BE27A3261E0093EB7D /* BuscarFotosTests */ = {
			isa = PBXNativeTarget;
			buildConfigurationList = 847745D627A3261E0093EB7D /* Build configuration list for PBXNativeTarget "BuscarFotosTests" */;
			buildPhases = (
				847745BB27A3261E0093EB7D /* Sources */,
				847745BC27A3261E0093EB7D /* Frameworks */,
				847745BD27A3261E0093EB7D /* Resources */,
			);
			buildRules = (
			);
			dependencies = (
				847745C127A3261E0093EB7D /* PBXTargetDependency */,
			);
			name = BuscarFotosTests;
			productName = BuscarFotosTests;
			productReference = 847745BF27A3261E0093EB7D /* BuscarFotosTests.xctest */;
			productType = "com.apple.product-type.bundle.unit-test";
		};
		847745C827A3261E0093EB7D /* BuscarFotosUITests */ = {
			isa = PBXNativeTarget;
			buildConfigurationList = 847745D927A3261E0093EB7D /* Build configuration list for PBXNativeTarget "BuscarFotosUITests" */;
			buildPhases = (
				847745C527A3261E0093EB7D /* Sources */,
				847745C627A3261E0093EB7D /* Frameworks */,
				847745C727A3261E0093EB7D /* Resources */,
			);
			buildRules = (
			);
			dependencies = (
				847745CB27A3261E0093EB7D /* PBXTargetDependency */,
			);
			name = BuscarFotosUITests;
			productName = BuscarFotosUITests;
			productReference = 847745C927A3261E0093EB7D /* BuscarFotosUITests.xctest */;
			productType = "com.apple.product-type.bundle.ui-testing";
		};
/* End PBXNativeTarget section */

/* Begin PBXProject section */
		847745A127A3261B0093EB7D /* Project object */ = {
			isa = PBXProject;
			attributes = {
				BuildIndependentTargetsInParallel = 1;
				LastSwiftUpdateCheck = 1320;
				LastUpgradeCheck = 1320;
				TargetAttributes = {
					847745A827A3261B0093EB7D = {
						CreatedOnToolsVersion = 13.2.1;
					};
					847745BE27A3261E0093EB7D = {
						CreatedOnToolsVersion = 13.2.1;
						TestTargetID = 847745A827A3261B0093EB7D;
					};
					847745C827A3261E0093EB7D = {
						CreatedOnToolsVersion = 13.2.1;
						TestTargetID = 847745A827A3261B0093EB7D;
					};
				};
			};
			buildConfigurationList = 847745A427A3261B0093EB7D /* Build configuration list for PBXProject "BuscarFotos" */;
			compatibilityVersion = "Xcode 13.0";
			developmentRegion = en;
			hasScannedForEncodings = 0;
			knownRegions = (
				en,
				Base,
			);
			mainGroup = 847745A027A3261B0093EB7D;
			productRefGroup = 847745AA27A3261B0093EB7D /* Products */;
			projectDirPath = "";
			projectRoot = "";
			targets = (
				847745A827A3261B0093EB7D /* BuscarFotos */,
				847745BE27A3261E0093EB7D /* BuscarFotosTests */,
				847745C827A3261E0093EB7D /* BuscarFotosUITests */,
			);
		};
/* End PBXProject section */

/* Begin PBXResourcesBuildPhase section */
		847745A727A3261B0093EB7D /* Resources */ = {
			isa = PBXResourcesBuildPhase;
			buildActionMask = 2147483647;
			files = (
				847745B927A3261E0093EB7D /* LaunchScreen.storyboard in Resources */,
				847745B627A3261E0093EB7D /* Assets.xcassets in Resources */,
				847745B427A3261B0093EB7D /* Main.storyboard in Resources */,
			);
			runOnlyForDeploymentPostprocessing = 0;
		};
		847745BD27A3261E0093EB7D /* Resources */ = {
			isa = PBXResourcesBuildPhase;
			buildActionMask = 2147483647;
			files = (
			);
			runOnlyForDeploymentPostprocessing = 0;
		};
		847745C727A3261E0093EB7D /* Resources */ = {
			isa = PBXResourcesBuildPhase;
			buildActionMask = 2147483647;
			files = (
			);
			runOnlyForDeploymentPostprocessing = 0;
		};
/* End PBXResourcesBuildPhase section */

/* Begin PBXSourcesBuildPhase section */
		847745A527A3261B0093EB7D /* Sources */ = {
			isa = PBXSourcesBuildPhase;
			buildActionMask = 2147483647;
			files = (
				84A3686227A46BB0008F1F88 /* ImageCache.swift in Sources */,
				841D996127A431EC003216FF /* Failure.swift in Sources */,
				847745B127A3261B0093EB7D /* ViewController.swift in Sources */,
				847745E127A35ABC0093EB7D /* ImageCollectionViewCell.swift in Sources */,
				847745AD27A3261B0093EB7D /* AppDelegate.swift in Sources */,
				847745AF27A3261B0093EB7D /* SceneDelegate.swift in Sources */,
				841D995C27A4316D003216FF /* NetworkService.swift in Sources */,
				841D995E27A431B1003216FF /* GetImgursResponse.swift in Sources */,
				841D995927A43138003216FF /* Imgur.swift in Sources */,
				841D996327A432D9003216FF /* Key.swift in Sources */,
			);
			runOnlyForDeploymentPostprocessing = 0;
		};
		847745BB27A3261E0093EB7D /* Sources */ = {
			isa = PBXSourcesBuildPhase;
			buildActionMask = 2147483647;
			files = (
				847745C427A3261E0093EB7D /* BuscarFotosTests.swift in Sources */,
			);
			runOnlyForDeploymentPostprocessing = 0;
		};
		847745C527A3261E0093EB7D /* Sources */ = {
			isa = PBXSourcesBuildPhase;
			buildActionMask = 2147483647;
			files = (
				847745D027A3261E0093EB7D /* BuscarFotosUITestsLaunchTests.swift in Sources */,
				847745CE27A3261E0093EB7D /* BuscarFotosUITests.swift in Sources */,
			);
			runOnlyForDeploymentPostprocessing = 0;
		};
/* End PBXSourcesBuildPhase section */

/* Begin PBXTargetDependency section */
		847745C127A3261E0093EB7D /* PBXTargetDependency */ = {
			isa = PBXTargetDependency;
			target = 847745A827A3261B0093EB7D /* BuscarFotos */;
			targetProxy = 847745C027A3261E0093EB7D /* PBXContainerItemProxy */;
		};
		847745CB27A3261E0093EB7D /* PBXTargetDependency */ = {
			isa = PBXTargetDependency;
			target = 847745A827A3261B0093EB7D /* BuscarFotos */;
			targetProxy = 847745CA27A3261E0093EB7D /* PBXContainerItemProxy */;
		};
/* End PBXTargetDependency section */

/* Begin PBXVariantGroup section */
		847745B227A3261B0093EB7D /* Main.storyboard */ = {
			isa = PBXVariantGroup;
			children = (
				847745B327A3261B0093EB7D /* Base */,
			);
			name = Main.storyboard;
			sourceTree = "<group>";
		};
		847745B727A3261E0093EB7D /* LaunchScreen.storyboard */ = {
			isa = PBXVariantGroup;
			children = (
				847745B827A3261E0093EB7D /* Base */,
			);
			name = LaunchScreen.storyboard;
			sourceTree = "<group>";
		};
/* End PBXVariantGroup section */

/* Begin XCBuildConfiguration section */
		847745D127A3261E0093EB7D /* Debug */ = {
			isa = XCBuildConfiguration;
			buildSettings = {
				ALWAYS_SEARCH_USER_PATHS = NO;
				CLANG_ANALYZER_NONNULL = YES;
				CLANG_ANALYZER_NUMBER_OBJECT_CONVERSION = YES_AGGRESSIVE;
				CLANG_CXX_LANGUAGE_STANDARD = "gnu++17";
				CLANG_CXX_LIBRARY = "libc++";
				CLANG_ENABLE_MODULES = YES;
				CLANG_ENABLE_OBJC_ARC = YES;
				CLANG_ENABLE_OBJC_WEAK = YES;
				CLANG_WARN_BLOCK_CAPTURE_AUTORELEASING = YES;
				CLANG_WARN_BOOL_CONVERSION = YES;
				CLANG_WARN_COMMA = YES;
				CLANG_WARN_CONSTANT_CONVERSION = YES;
				CLANG_WARN_DEPRECATED_OBJC_IMPLEMENTATIONS = YES;
				CLANG_WARN_DIRECT_OBJC_ISA_USAGE = YES_ERROR;
				CLANG_WARN_DOCUMENTATION_COMMENTS = YES;
				CLANG_WARN_EMPTY_BODY = YES;
				CLANG_WARN_ENUM_CONVERSION = YES;
				CLANG_WARN_INFINITE_RECURSION = YES;
				CLANG_WARN_INT_CONVERSION = YES;
				CLANG_WARN_NON_LITERAL_NULL_CONVERSION = YES;
				CLANG_WARN_OBJC_IMPLICIT_RETAIN_SELF = YES;
				CLANG_WARN_OBJC_LITERAL_CONVERSION = YES;
				CLANG_WARN_OBJC_ROOT_CLASS = YES_ERROR;
				CLANG_WARN_QUOTED_INCLUDE_IN_FRAMEWORK_HEADER = YES;
				CLANG_WARN_RANGE_LOOP_ANALYSIS = YES;
				CLANG_WARN_STRICT_PROTOTYPES = YES;
				CLANG_WARN_SUSPICIOUS_MOVE = YES;
				CLANG_WARN_UNGUARDED_AVAILABILITY = YES_AGGRESSIVE;
				CLANG_WARN_UNREACHABLE_CODE = YES;
				CLANG_WARN__DUPLICATE_METHOD_MATCH = YES;
				COPY_PHASE_STRIP = NO;
				DEBUG_INFORMATION_FORMAT = dwarf;
				ENABLE_STRICT_OBJC_MSGSEND = YES;
				ENABLE_TESTABILITY = YES;
				GCC_C_LANGUAGE_STANDARD = gnu11;
				GCC_DYNAMIC_NO_PIC = NO;
				GCC_NO_COMMON_BLOCKS = YES;
				GCC_OPTIMIZATION_LEVEL = 0;
				GCC_PREPROCESSOR_DEFINITIONS = (
					"DEBUG=1",
					"$(inherited)",
				);
				GCC_WARN_64_TO_32_BIT_CONVERSION = YES;
				GCC_WARN_ABOUT_RETURN_TYPE = YES_ERROR;
				GCC_WARN_UNDECLARED_SELECTOR = YES;
				GCC_WARN_UNINITIALIZED_AUTOS = YES_AGGRESSIVE;
				GCC_WARN_UNUSED_FUNCTION = YES;
				GCC_WARN_UNUSED_VARIABLE = YES;
				IPHONEOS_DEPLOYMENT_TARGET = 15.2;
				MTL_ENABLE_DEBUG_INFO = INCLUDE_SOURCE;
				MTL_FAST_MATH = YES;
				ONLY_ACTIVE_ARCH = YES;
				SDKROOT = iphoneos;
				SWIFT_ACTIVE_COMPILATION_CONDITIONS = DEBUG;
				SWIFT_OPTIMIZATION_LEVEL = "-Onone";
			};
			name = Debug;
		};
		847745D227A3261E0093EB7D /* Release */ = {
			isa = XCBuildConfiguration;
			buildSettings = {
				ALWAYS_SEARCH_USER_PATHS = NO;
				CLANG_ANALYZER_NONNULL = YES;
				CLANG_ANALYZER_NUMBER_OBJECT_CONVERSION = YES_AGGRESSIVE;
				CLANG_CXX_LANGUAGE_STANDARD = "gnu++17";
				CLANG_CXX_LIBRARY = "libc++";
				CLANG_ENABLE_MODULES = YES;
				CLANG_ENABLE_OBJC_ARC = YES;
				CLANG_ENABLE_OBJC_WEAK = YES;
				CLANG_WARN_BLOCK_CAPTURE_AUTORELEASING = YES;
				CLANG_WARN_BOOL_CONVERSION = YES;
				CLANG_WARN_COMMA = YES;
				CLANG_WARN_CONSTANT_CONVERSION = YES;
				CLANG_WARN_DEPRECATED_OBJC_IMPLEMENTATIONS = YES;
				CLANG_WARN_DIRECT_OBJC_ISA_USAGE = YES_ERROR;
				CLANG_WARN_DOCUMENTATION_COMMENTS = YES;
				CLANG_WARN_EMPTY_BODY = YES;
				CLANG_WARN_ENUM_CONVERSION = YES;
				CLANG_WARN_INFINITE_RECURSION = YES;
				CLANG_WARN_INT_CONVERSION = YES;
				CLANG_WARN_NON_LITERAL_NULL_CONVERSION = YES;
				CLANG_WARN_OBJC_IMPLICIT_RETAIN_SELF = YES;
				CLANG_WARN_OBJC_LITERAL_CONVERSION = YES;
				CLANG_WARN_OBJC_ROOT_CLASS = YES_ERROR;
				CLANG_WARN_QUOTED_INCLUDE_IN_FRAMEWORK_HEADER = YES;
				CLANG_WARN_RANGE_LOOP_ANALYSIS = YES;
				CLANG_WARN_STRICT_PROTOTYPES = YES;
				CLANG_WARN_SUSPICIOUS_MOVE = YES;
				CLANG_WARN_UNGUARDED_AVAILABILITY = YES_AGGRESSIVE;
				CLANG_WARN_UNREACHABLE_CODE = YES;
				CLANG_WARN__DUPLICATE_METHOD_MATCH = YES;
				COPY_PHASE_STRIP = NO;
				DEBUG_INFORMATION_FORMAT = "dwarf-with-dsym";
				ENABLE_NS_ASSERTIONS = NO;
				ENABLE_STRICT_OBJC_MSGSEND = YES;
				GCC_C_LANGUAGE_STANDARD = gnu11;
				GCC_NO_COMMON_BLOCKS = YES;
				GCC_WARN_64_TO_32_BIT_CONVERSION = YES;
				GCC_WARN_ABOUT_RETURN_TYPE = YES_ERROR;
				GCC_WARN_UNDECLARED_SELECTOR = YES;
				GCC_WARN_UNINITIALIZED_AUTOS = YES_AGGRESSIVE;
				GCC_WARN_UNUSED_FUNCTION = YES;
				GCC_WARN_UNUSED_VARIABLE = YES;
				IPHONEOS_DEPLOYMENT_TARGET = 15.2;
				MTL_ENABLE_DEBUG_INFO = NO;
				MTL_FAST_MATH = YES;
				SDKROOT = iphoneos;
				SWIFT_COMPILATION_MODE = wholemodule;
				SWIFT_OPTIMIZATION_LEVEL = "-O";
				VALIDATE_PRODUCT = YES;
			};
			name = Release;
		};
		847745D427A3261E0093EB7D /* Debug */ = {
			isa = XCBuildConfiguration;
			buildSettings = {
				ASSETCATALOG_COMPILER_APPICON_NAME = AppIcon;
				ASSETCATALOG_COMPILER_GLOBAL_ACCENT_COLOR_NAME = AccentColor;
				CODE_SIGN_STYLE = Automatic;
				CURRENT_PROJECT_VERSION = 1;
				DEVELOPMENT_TEAM = 5HL64N4YHM;
				GENERATE_INFOPLIST_FILE = YES;
				INFOPLIST_FILE = BuscarFotos/Info.plist;
				INFOPLIST_KEY_UIApplicationSupportsIndirectInputEvents = YES;
				INFOPLIST_KEY_UILaunchStoryboardName = LaunchScreen;
				INFOPLIST_KEY_UIMainStoryboardFile = Main;
				INFOPLIST_KEY_UISupportedInterfaceOrientations_iPad = "UIInterfaceOrientationPortrait UIInterfaceOrientationPortraitUpsideDown UIInterfaceOrientationLandscapeLeft UIInterfaceOrientationLandscapeRight";
				INFOPLIST_KEY_UISupportedInterfaceOrientations_iPhone = "UIInterfaceOrientationPortrait UIInterfaceOrientationLandscapeLeft UIInterfaceOrientationLandscapeRight";
				LD_RUNPATH_SEARCH_PATHS = (
					"$(inherited)",
					"@executable_path/Frameworks",
				);
				MARKETING_VERSION = 1.0;
				PRODUCT_BUNDLE_IDENTIFIER = com.teste.BuscarFotos;
				PRODUCT_NAME = "$(TARGET_NAME)";
				SWIFT_EMIT_LOC_STRINGS = YES;
				SWIFT_VERSION = 5.0;
				TARGETED_DEVICE_FAMILY = "1,2";
			};
			name = Debug;
		};
		847745D527A3261E0093EB7D /* Release */ = {
			isa = XCBuildConfiguration;
			buildSettings = {
				ASSETCATALOG_COMPILER_APPICON_NAME = AppIcon;
				ASSETCATALOG_COMPILER_GLOBAL_ACCENT_COLOR_NAME = AccentColor;
				CODE_SIGN_STYLE = Automatic;
				CURRENT_PROJECT_VERSION = 1;
				DEVELOPMENT_TEAM = 5HL64N4YHM;
				GENERATE_INFOPLIST_FILE = YES;
				INFOPLIST_FILE = BuscarFotos/Info.plist;
				INFOPLIST_KEY_UIApplicationSupportsIndirectInputEvents = YES;
				INFOPLIST_KEY_UILaunchStoryboardName = LaunchScreen;
				INFOPLIST_KEY_UIMainStoryboardFile = Main;
				INFOPLIST_KEY_UISupportedInterfaceOrientations_iPad = "UIInterfaceOrientationPortrait UIInterfaceOrientationPortraitUpsideDown UIInterfaceOrientationLandscapeLeft UIInterfaceOrientationLandscapeRight";
				INFOPLIST_KEY_UISupportedInterfaceOrientations_iPhone = "UIInterfaceOrientationPortrait UIInterfaceOrientationLandscapeLeft UIInterfaceOrientationLandscapeRight";
				LD_RUNPATH_SEARCH_PATHS = (
					"$(inherited)",
					"@executable_path/Frameworks",
				);
				MARKETING_VERSION = 1.0;
				PRODUCT_BUNDLE_IDENTIFIER = com.teste.BuscarFotos;
				PRODUCT_NAME = "$(TARGET_NAME)";
				SWIFT_EMIT_LOC_STRINGS = YES;
				SWIFT_VERSION = 5.0;
				TARGETED_DEVICE_FAMILY = "1,2";
			};
			name = Release;
		};
		847745D727A3261E0093EB7D /* Debug */ = {
			isa = XCBuildConfiguration;
			buildSettings = {
				ALWAYS_EMBED_SWIFT_STANDARD_LIBRARIES = YES;
				BUNDLE_LOADER = "$(TEST_HOST)";
				CODE_SIGN_STYLE = Automatic;
				CURRENT_PROJECT_VERSION = 1;
				DEVELOPMENT_TEAM = 5HL64N4YHM;
				GENERATE_INFOPLIST_FILE = YES;
				IPHONEOS_DEPLOYMENT_TARGET = 15.2;
				MARKETING_VERSION = 1.0;
				PRODUCT_BUNDLE_IDENTIFIER = com.teste.BuscarFotosTests;
				PRODUCT_NAME = "$(TARGET_NAME)";
				SWIFT_EMIT_LOC_STRINGS = NO;
				SWIFT_VERSION = 5.0;
				TARGETED_DEVICE_FAMILY = "1,2";
				TEST_HOST = "$(BUILT_PRODUCTS_DIR)/BuscarFotos.app/BuscarFotos";
			};
			name = Debug;
		};
		847745D827A3261E0093EB7D /* Release */ = {
			isa = XCBuildConfiguration;
			buildSettings = {
				ALWAYS_EMBED_SWIFT_STANDARD_LIBRARIES = YES;
				BUNDLE_LOADER = "$(TEST_HOST)";
				CODE_SIGN_STYLE = Automatic;
				CURRENT_PROJECT_VERSION = 1;
				DEVELOPMENT_TEAM = 5HL64N4YHM;
				GENERATE_INFOPLIST_FILE = YES;
				IPHONEOS_DEPLOYMENT_TARGET = 15.2;
				MARKETING_VERSION = 1.0;
				PRODUCT_BUNDLE_IDENTIFIER = com.teste.BuscarFotosTests;
				PRODUCT_NAME = "$(TARGET_NAME)";
				SWIFT_EMIT_LOC_STRINGS = NO;
				SWIFT_VERSION = 5.0;
				TARGETED_DEVICE_FAMILY = "1,2";
				TEST_HOST = "$(BUILT_PRODUCTS_DIR)/BuscarFotos.app/BuscarFotos";
			};
			name = Release;
		};
		847745DA27A3261E0093EB7D /* Debug */ = {
			isa = XCBuildConfiguration;
			buildSettings = {
				ALWAYS_EMBED_SWIFT_STANDARD_LIBRARIES = YES;
				CODE_SIGN_STYLE = Automatic;
				CURRENT_PROJECT_VERSION = 1;
				DEVELOPMENT_TEAM = 5HL64N4YHM;
				GENERATE_INFOPLIST_FILE = YES;
				MARKETING_VERSION = 1.0;
				PRODUCT_BUNDLE_IDENTIFIER = com.teste.BuscarFotosUITests;
				PRODUCT_NAME = "$(TARGET_NAME)";
				SWIFT_EMIT_LOC_STRINGS = NO;
				SWIFT_VERSION = 5.0;
				TARGETED_DEVICE_FAMILY = "1,2";
				TEST_TARGET_NAME = BuscarFotos;
			};
			name = Debug;
		};
		847745DB27A3261E0093EB7D /* Release */ = {
			isa = XCBuildConfiguration;
			buildSettings = {
				ALWAYS_EMBED_SWIFT_STANDARD_LIBRARIES = YES;
				CODE_SIGN_STYLE = Automatic;
				CURRENT_PROJECT_VERSION = 1;
				DEVELOPMENT_TEAM = 5HL64N4YHM;
				GENERATE_INFOPLIST_FILE = YES;
				MARKETING_VERSION = 1.0;
				PRODUCT_BUNDLE_IDENTIFIER = com.teste.BuscarFotosUITests;
				PRODUCT_NAME = "$(TARGET_NAME)";
				SWIFT_EMIT_LOC_STRINGS = NO;
				SWIFT_VERSION = 5.0;
				TARGETED_DEVICE_FAMILY = "1,2";
				TEST_TARGET_NAME = BuscarFotos;
			};
			name = Release;
		};
/* End XCBuildConfiguration section */

/* Begin XCConfigurationList section */
		847745A427A3261B0093EB7D /* Build configuration list for PBXProject "BuscarFotos" */ = {
			isa = XCConfigurationList;
			buildConfigurations = (
				847745D127A3261E0093EB7D /* Debug */,
				847745D227A3261E0093EB7D /* Release */,
			);
			defaultConfigurationIsVisible = 0;
			defaultConfigurationName = Release;
		};
		847745D327A3261E0093EB7D /* Build configuration list for PBXNativeTarget "BuscarFotos" */ = {
			isa = XCConfigurationList;
			buildConfigurations = (
				847745D427A3261E0093EB7D /* Debug */,
				847745D527A3261E0093EB7D /* Release */,
			);
			defaultConfigurationIsVisible = 0;
			defaultConfigurationName = Release;
		};
		847745D627A3261E0093EB7D /* Build configuration list for PBXNativeTarget "BuscarFotosTests" */ = {
			isa = XCConfigurationList;
			buildConfigurations = (
				847745D727A3261E0093EB7D /* Debug */,
				847745D827A3261E0093EB7D /* Release */,
			);
			defaultConfigurationIsVisible = 0;
			defaultConfigurationName = Release;
		};
		847745D927A3261E0093EB7D /* Build configuration list for PBXNativeTarget "BuscarFotosUITests" */ = {
			isa = XCConfigurationList;
			buildConfigurations = (
				847745DA27A3261E0093EB7D /* Debug */,
				847745DB27A3261E0093EB7D /* Release */,
			);
			defaultConfigurationIsVisible = 0;
			defaultConfigurationName = Release;
		};
/* End XCConfigurationList section */
	};
	rootObject = 847745A127A3261B0093EB7D /* Project object */;
}
